
Microsoft Visual Studio Solution File, Format Version 12.00
# Visual Studio Version 17
VisualStudioVersion = 17.0.31903.59
MinimumVisualStudioVersion = 10.0.40219.1
Project("{FAE04EC0-301F-11D3-BF4B-00C04F79EFBC}") = "API", "API\API.csproj", "{7AE1D3CA-7816-4E27-9A97-A735C9AE7591}"
EndProject
Project("{FAE04EC0-301F-11D3-BF4B-00C04F79EFBC}") = "Application", "Application\Application.csproj", "{D7C7F772-259A-439D-A66E-CC2128AF6B5C}"
EndProject
Project("{FAE04EC0-301F-11D3-BF4B-00C04F79EFBC}") = "Domain", "Domain\Domain.csproj", "{7FE9BA6E-CD5A-4577-99E8-AA4508D318D1}"
EndProject
Project("{FAE04EC0-301F-11D3-BF4B-00C04F79EFBC}") = "Persistence", "Persistence\Persistence.csproj", "{35DBE9DC-F7AB-4E6E-9E85-339E383602D9}"
EndProject
Global
	GlobalSection(SolutionConfigurationPlatforms) = preSolution
		Debug|Any CPU = Debug|Any CPU
		Release|Any CPU = Release|Any CPU
	EndGlobalSection
	GlobalSection(SolutionProperties) = preSolution
		HideSolutionNode = FALSE
	EndGlobalSection
	GlobalSection(ProjectConfigurationPlatforms) = postSolution
		{7AE1D3CA-7816-4E27-9A97-A735C9AE7591}.Debug|Any CPU.ActiveCfg = Debug|Any CPU
		{7AE1D3CA-7816-4E27-9A97-A735C9AE7591}.Debug|Any CPU.Build.0 = Debug|Any CPU
		{7AE1D3CA-7816-4E27-9A97-A735C9AE7591}.Release|Any CPU.ActiveCfg = Release|Any CPU
		{7AE1D3CA-7816-4E27-9A97-A735C9AE7591}.Release|Any CPU.Build.0 = Release|Any CPU
		{D7C7F772-259A-439D-A66E-CC2128AF6B5C}.Debug|Any CPU.ActiveCfg = Debug|Any CPU
		{D7C7F772-259A-439D-A66E-CC2128AF6B5C}.Debug|Any CPU.Build.0 = Debug|Any CPU
		{D7C7F772-259A-439D-A66E-CC2128AF6B5C}.Release|Any CPU.ActiveCfg = Release|Any CPU
		{D7C7F772-259A-439D-A66E-CC2128AF6B5C}.Release|Any CPU.Build.0 = Release|Any CPU
		{7FE9BA6E-CD5A-4577-99E8-AA4508D318D1}.Debug|Any CPU.ActiveCfg = Debug|Any CPU
		{7FE9BA6E-CD5A-4577-99E8-AA4508D318D1}.Debug|Any CPU.Build.0 = Debug|Any CPU
		{7FE9BA6E-CD5A-4577-99E8-AA4508D318D1}.Release|Any CPU.ActiveCfg = Release|Any CPU
		{7FE9BA6E-CD5A-4577-99E8-AA4508D318D1}.Release|Any CPU.Build.0 = Release|Any CPU
		{35DBE9DC-F7AB-4E6E-9E85-339E383602D9}.Debug|Any CPU.ActiveCfg = Debug|Any CPU
		{35DBE9DC-F7AB-4E6E-9E85-339E383602D9}.Debug|Any CPU.Build.0 = Debug|Any CPU
		{35DBE9DC-F7AB-4E6E-9E85-339E383602D9}.Release|Any CPU.ActiveCfg = Release|Any CPU
		{35DBE9DC-F7AB-4E6E-9E85-339E383602D9}.Release|Any CPU.Build.0 = Release|Any CPU
	EndGlobalSection
EndGlobal
